
Microsoft Visual Studio Solution File, Format Version 12.00
# Visual Studio Version 17
VisualStudioVersion = 17.1.32407.343
MinimumVisualStudioVersion = 10.0.40219.1
Project("{FAE04EC0-301F-11D3-BF4B-00C04F79EFBC}") = "SOFOK_System", "SOFOK_System.csproj", "{B951275F-0905-46BF-84D5-EE4425E9B7D4}"
EndProject
Global
	GlobalSection(SolutionConfigurationPlatforms) = preSolution
		Debug|Any CPU = Debug|Any CPU
		Release|Any CPU = Release|Any CPU
	EndGlobalSection
	GlobalSection(ProjectConfigurationPlatforms) = postSolution
		{B951275F-0905-46BF-84D5-EE4425E9B7D4}.Debug|Any CPU.ActiveCfg = Debug|Any CPU
		{B951275F-0905-46BF-84D5-EE4425E9B7D4}.Debug|Any CPU.Build.0 = Debug|Any CPU
		{B951275F-0905-46BF-84D5-EE4425E9B7D4}.Release|Any CPU.ActiveCfg = Release|Any CPU
		{B951275F-0905-46BF-84D5-EE4425E9B7D4}.Release|Any CPU.Build.0 = Release|Any CPU
	EndGlobalSection
	GlobalSection(SolutionProperties) = preSolution
		HideSolutionNode = FALSE
	EndGlobalSection
	GlobalSection(ExtensibilityGlobals) = postSolution
		SolutionGuid = {FF474CA7-F54E-4704-9A1F-4CAE56EA1692}
	EndGlobalSection
EndGlobal
